// !$*UTF8*$!
{
	archiveVersion = 1;
	classes = {
	};
	objectVersion = 60;
	objects = {

/* Begin PBXBuildFile section */
		A0957B002C1A1A7100444DBD /* OvoTimerApp.swift in Sources */ = {isa = PBXBuildFile; fileRef = A0957AFF2C1A1A7100444DBD /* OvoTimerApp.swift */; };
		A0957B022C1A1A7100444DBD /* ContentView.swift in Sources */ = {isa = PBXBuildFile; fileRef = A0957B012C1A1A7100444DBD /* ContentView.swift */; };
		A0957B042C1A1A7200444DBD /* Assets.xcassets in Resources */ = {isa = PBXBuildFile; fileRef = A0957B032C1A1A7200444DBD /* Assets.xcassets */; };
		A0957B082C1A1A7200444DBD /* Preview Assets.xcassets in Resources */ = {isa = PBXBuildFile; fileRef = A0957B072C1A1A7200444DBD /* Preview Assets.xcassets */; };
		A0957B122C1A1A7200444DBD /* OvoTimerTests.swift in Sources */ = {isa = PBXBuildFile; fileRef = A0957B112C1A1A7200444DBD /* OvoTimerTests.swift */; };
		A0957B1C2C1A1A7200444DBD /* OvoTimerUITests.swift in Sources */ = {isa = PBXBuildFile; fileRef = A0957B1B2C1A1A7200444DBD /* OvoTimerUITests.swift */; };
		A0957B1E2C1A1A7200444DBD /* OvoTimerUITestsLaunchTests.swift in Sources */ = {isa = PBXBuildFile; fileRef = A0957B1D2C1A1A7200444DBD /* OvoTimerUITestsLaunchTests.swift */; };
		A0957B2C2C1A1AB900444DBD /* Winder in Frameworks */ = {isa = PBXBuildFile; productRef = A0957B2B2C1A1AB900444DBD /* Winder */; };
		A0957B2F2C1B6A0B00444DBD /* Model in Frameworks */ = {isa = PBXBuildFile; productRef = A0957B2E2C1B6A0B00444DBD /* Model */; };
/* End PBXBuildFile section */

/* Begin PBXContainerItemProxy section */
		A0957B0E2C1A1A7200444DBD /* PBXContainerItemProxy */ = {
			isa = PBXContainerItemProxy;
			containerPortal = A0957AF42C1A1A7100444DBD /* Project object */;
			proxyType = 1;
			remoteGlobalIDString = A0957AFB2C1A1A7100444DBD;
			remoteInfo = OvoTimer;
		};
		A0957B182C1A1A7200444DBD /* PBXContainerItemProxy */ = {
			isa = PBXContainerItemProxy;
			containerPortal = A0957AF42C1A1A7100444DBD /* Project object */;
			proxyType = 1;
			remoteGlobalIDString = A0957AFB2C1A1A7100444DBD;
			remoteInfo = OvoTimer;
		};
/* End PBXContainerItemProxy section */

/* Begin PBXFileReference section */
		A02C69672C26C6B8008F5BD4 /* ModelTestPlan.xctestplan */ = {isa = PBXFileReference; lastKnownFileType = text; name = ModelTestPlan.xctestplan; path = ../Model/ModelTestPlan.xctestplan; sourceTree = "<group>"; };
		A0957AFC2C1A1A7100444DBD /* OvoTimer.app */ = {isa = PBXFileReference; explicitFileType = wrapper.application; includeInIndex = 0; path = OvoTimer.app; sourceTree = BUILT_PRODUCTS_DIR; };
		A0957AFF2C1A1A7100444DBD /* OvoTimerApp.swift */ = {isa = PBXFileReference; lastKnownFileType = sourcecode.swift; path = OvoTimerApp.swift; sourceTree = "<group>"; };
		A0957B012C1A1A7100444DBD /* ContentView.swift */ = {isa = PBXFileReference; lastKnownFileType = sourcecode.swift; path = ContentView.swift; sourceTree = "<group>"; };
		A0957B032C1A1A7200444DBD /* Assets.xcassets */ = {isa = PBXFileReference; lastKnownFileType = folder.assetcatalog; path = Assets.xcassets; sourceTree = "<group>"; };
		A0957B052C1A1A7200444DBD /* OvoTimer.entitlements */ = {isa = PBXFileReference; lastKnownFileType = text.plist.entitlements; path = OvoTimer.entitlements; sourceTree = "<group>"; };
		A0957B072C1A1A7200444DBD /* Preview Assets.xcassets */ = {isa = PBXFileReference; lastKnownFileType = folder.assetcatalog; path = "Preview Assets.xcassets"; sourceTree = "<group>"; };
		A0957B0D2C1A1A7200444DBD /* OvoTimerTests.xctest */ = {isa = PBXFileReference; explicitFileType = wrapper.cfbundle; includeInIndex = 0; path = OvoTimerTests.xctest; sourceTree = BUILT_PRODUCTS_DIR; };
		A0957B112C1A1A7200444DBD /* OvoTimerTests.swift */ = {isa = PBXFileReference; lastKnownFileType = sourcecode.swift; path = OvoTimerTests.swift; sourceTree = "<group>"; };
		A0957B172C1A1A7200444DBD /* OvoTimerUITests.xctest */ = {isa = PBXFileReference; explicitFileType = wrapper.cfbundle; includeInIndex = 0; path = OvoTimerUITests.xctest; sourceTree = BUILT_PRODUCTS_DIR; };
		A0957B1B2C1A1A7200444DBD /* OvoTimerUITests.swift */ = {isa = PBXFileReference; lastKnownFileType = sourcecode.swift; path = OvoTimerUITests.swift; sourceTree = "<group>"; };
		A0957B1D2C1A1A7200444DBD /* OvoTimerUITestsLaunchTests.swift */ = {isa = PBXFileReference; lastKnownFileType = sourcecode.swift; path = OvoTimerUITestsLaunchTests.swift; sourceTree = "<group>"; };
/* End PBXFileReference section */

/* Begin PBXFrameworksBuildPhase section */
		A0957AF92C1A1A7100444DBD /* Frameworks */ = {
			isa = PBXFrameworksBuildPhase;
			buildActionMask = 2147483647;
			files = (
				A0957B2F2C1B6A0B00444DBD /* Model in Frameworks */,
				A0957B2C2C1A1AB900444DBD /* Winder in Frameworks */,
			);
			runOnlyForDeploymentPostprocessing = 0;
		};
		A0957B0A2C1A1A7200444DBD /* Frameworks */ = {
			isa = PBXFrameworksBuildPhase;
			buildActionMask = 2147483647;
			files = (
			);
			runOnlyForDeploymentPostprocessing = 0;
		};
		A0957B142C1A1A7200444DBD /* Frameworks */ = {
			isa = PBXFrameworksBuildPhase;
			buildActionMask = 2147483647;
			files = (
			);
			runOnlyForDeploymentPostprocessing = 0;
		};
/* End PBXFrameworksBuildPhase section */

/* Begin PBXGroup section */
		A0957AF32C1A1A7100444DBD = {
			isa = PBXGroup;
			children = (
				A02C69672C26C6B8008F5BD4 /* ModelTestPlan.xctestplan */,
				A0957AFE2C1A1A7100444DBD /* OvoTimer */,
				A0957B102C1A1A7200444DBD /* OvoTimerTests */,
				A0957B1A2C1A1A7200444DBD /* OvoTimerUITests */,
				A0957AFD2C1A1A7100444DBD /* Products */,
			);
			sourceTree = "<group>";
		};
		A0957AFD2C1A1A7100444DBD /* Products */ = {
			isa = PBXGroup;
			children = (
				A0957AFC2C1A1A7100444DBD /* OvoTimer.app */,
				A0957B0D2C1A1A7200444DBD /* OvoTimerTests.xctest */,
				A0957B172C1A1A7200444DBD /* OvoTimerUITests.xctest */,
			);
			name = Products;
			sourceTree = "<group>";
		};
		A0957AFE2C1A1A7100444DBD /* OvoTimer */ = {
			isa = PBXGroup;
			children = (
				A0957AFF2C1A1A7100444DBD /* OvoTimerApp.swift */,
				A0957B012C1A1A7100444DBD /* ContentView.swift */,
				A0957B032C1A1A7200444DBD /* Assets.xcassets */,
				A0957B052C1A1A7200444DBD /* OvoTimer.entitlements */,
				A0957B062C1A1A7200444DBD /* Preview Content */,
			);
			path = OvoTimer;
			sourceTree = "<group>";
		};
		A0957B062C1A1A7200444DBD /* Preview Content */ = {
			isa = PBXGroup;
			children = (
				A0957B072C1A1A7200444DBD /* Preview Assets.xcassets */,
			);
			path = "Preview Content";
			sourceTree = "<group>";
		};
		A0957B102C1A1A7200444DBD /* OvoTimerTests */ = {
			isa = PBXGroup;
			children = (
				A0957B112C1A1A7200444DBD /* OvoTimerTests.swift */,
			);
			path = OvoTimerTests;
			sourceTree = "<group>";
		};
		A0957B1A2C1A1A7200444DBD /* OvoTimerUITests */ = {
			isa = PBXGroup;
			children = (
				A0957B1B2C1A1A7200444DBD /* OvoTimerUITests.swift */,
				A0957B1D2C1A1A7200444DBD /* OvoTimerUITestsLaunchTests.swift */,
			);
			path = OvoTimerUITests;
			sourceTree = "<group>";
		};
/* End PBXGroup section */

/* Begin PBXNativeTarget section */
		A0957AFB2C1A1A7100444DBD /* OvoTimer */ = {
			isa = PBXNativeTarget;
			buildConfigurationList = A0957B212C1A1A7200444DBD /* Build configuration list for PBXNativeTarget "OvoTimer" */;
			buildPhases = (
				A0957AF82C1A1A7100444DBD /* Sources */,
				A0957AF92C1A1A7100444DBD /* Frameworks */,
				A0957AFA2C1A1A7100444DBD /* Resources */,
			);
			buildRules = (
			);
			dependencies = (
			);
			name = OvoTimer;
			packageProductDependencies = (
				A0957B2B2C1A1AB900444DBD /* Winder */,
				A0957B2E2C1B6A0B00444DBD /* Model */,
			);
			productName = OvoTimer;
			productReference = A0957AFC2C1A1A7100444DBD /* OvoTimer.app */;
			productType = "com.apple.product-type.application";
		};
		A0957B0C2C1A1A7200444DBD /* OvoTimerTests */ = {
			isa = PBXNativeTarget;
			buildConfigurationList = A0957B242C1A1A7200444DBD /* Build configuration list for PBXNativeTarget "OvoTimerTests" */;
			buildPhases = (
				A0957B092C1A1A7200444DBD /* Sources */,
				A0957B0A2C1A1A7200444DBD /* Frameworks */,
				A0957B0B2C1A1A7200444DBD /* Resources */,
			);
			buildRules = (
			);
			dependencies = (
				A0957B0F2C1A1A7200444DBD /* PBXTargetDependency */,
			);
			name = OvoTimerTests;
			productName = OvoTimerTests;
			productReference = A0957B0D2C1A1A7200444DBD /* OvoTimerTests.xctest */;
			productType = "com.apple.product-type.bundle.unit-test";
		};
		A0957B162C1A1A7200444DBD /* OvoTimerUITests */ = {
			isa = PBXNativeTarget;
			buildConfigurationList = A0957B272C1A1A7200444DBD /* Build configuration list for PBXNativeTarget "OvoTimerUITests" */;
			buildPhases = (
				A0957B132C1A1A7200444DBD /* Sources */,
				A0957B142C1A1A7200444DBD /* Frameworks */,
				A0957B152C1A1A7200444DBD /* Resources */,
			);
			buildRules = (
			);
			dependencies = (
				A0957B192C1A1A7200444DBD /* PBXTargetDependency */,
			);
			name = OvoTimerUITests;
			productName = OvoTimerUITests;
			productReference = A0957B172C1A1A7200444DBD /* OvoTimerUITests.xctest */;
			productType = "com.apple.product-type.bundle.ui-testing";
		};
/* End PBXNativeTarget section */

/* Begin PBXProject section */
		A0957AF42C1A1A7100444DBD /* Project object */ = {
			isa = PBXProject;
			attributes = {
				BuildIndependentTargetsInParallel = 1;
				LastSwiftUpdateCheck = 1600;
				LastUpgradeCheck = 1600;
				TargetAttributes = {
					A0957AFB2C1A1A7100444DBD = {
						CreatedOnToolsVersion = 16.0;
					};
					A0957B0C2C1A1A7200444DBD = {
						CreatedOnToolsVersion = 16.0;
						TestTargetID = A0957AFB2C1A1A7100444DBD;
					};
					A0957B162C1A1A7200444DBD = {
						CreatedOnToolsVersion = 16.0;
						TestTargetID = A0957AFB2C1A1A7100444DBD;
					};
				};
			};
			buildConfigurationList = A0957AF72C1A1A7100444DBD /* Build configuration list for PBXProject "OvoTimer" */;
			compatibilityVersion = "Xcode 15.0";
			developmentRegion = en;
			hasScannedForEncodings = 0;
			knownRegions = (
				en,
				Base,
			);
			mainGroup = A0957AF32C1A1A7100444DBD;
			packageReferences = (
				A0957B2A2C1A1AB900444DBD /* XCLocalSwiftPackageReference "../Winder" */,
				A0957B2D2C1B6A0B00444DBD /* XCLocalSwiftPackageReference "../Model" */,
			);
			productRefGroup = A0957AFD2C1A1A7100444DBD /* Products */;
			projectDirPath = "";
			projectRoot = "";
			targets = (
				A0957AFB2C1A1A7100444DBD /* OvoTimer */,
				A0957B0C2C1A1A7200444DBD /* OvoTimerTests */,
				A0957B162C1A1A7200444DBD /* OvoTimerUITests */,
			);
		};
/* End PBXProject section */

/* Begin PBXResourcesBuildPhase section */
		A0957AFA2C1A1A7100444DBD /* Resources */ = {
			isa = PBXResourcesBuildPhase;
			buildActionMask = 2147483647;
			files = (
				A0957B082C1A1A7200444DBD /* Preview Assets.xcassets in Resources */,
				A0957B042C1A1A7200444DBD /* Assets.xcassets in Resources */,
			);
			runOnlyForDeploymentPostprocessing = 0;
		};
		A0957B0B2C1A1A7200444DBD /* Resources */ = {
			isa = PBXResourcesBuildPhase;
			buildActionMask = 2147483647;
			files = (
			);
			runOnlyForDeploymentPostprocessing = 0;
		};
		A0957B152C1A1A7200444DBD /* Resources */ = {
			isa = PBXResourcesBuildPhase;
			buildActionMask = 2147483647;
			files = (
			);
			runOnlyForDeploymentPostprocessing = 0;
		};
/* End PBXResourcesBuildPhase section */

/* Begin PBXSourcesBuildPhase section */
		A0957AF82C1A1A7100444DBD /* Sources */ = {
			isa = PBXSourcesBuildPhase;
			buildActionMask = 2147483647;
			files = (
				A0957B022C1A1A7100444DBD /* ContentView.swift in Sources */,
				A0957B002C1A1A7100444DBD /* OvoTimerApp.swift in Sources */,
			);
			runOnlyForDeploymentPostprocessing = 0;
		};
		A0957B092C1A1A7200444DBD /* Sources */ = {
			isa = PBXSourcesBuildPhase;
			buildActionMask = 2147483647;
			files = (
				A0957B122C1A1A7200444DBD /* OvoTimerTests.swift in Sources */,
			);
			runOnlyForDeploymentPostprocessing = 0;
		};
		A0957B132C1A1A7200444DBD /* Sources */ = {
			isa = PBXSourcesBuildPhase;
			buildActionMask = 2147483647;
			files = (
				A0957B1E2C1A1A7200444DBD /* OvoTimerUITestsLaunchTests.swift in Sources */,
				A0957B1C2C1A1A7200444DBD /* OvoTimerUITests.swift in Sources */,
			);
			runOnlyForDeploymentPostprocessing = 0;
		};
/* End PBXSourcesBuildPhase section */

/* Begin PBXTargetDependency section */
		A0957B0F2C1A1A7200444DBD /* PBXTargetDependency */ = {
			isa = PBXTargetDependency;
			target = A0957AFB2C1A1A7100444DBD /* OvoTimer */;
			targetProxy = A0957B0E2C1A1A7200444DBD /* PBXContainerItemProxy */;
		};
		A0957B192C1A1A7200444DBD /* PBXTargetDependency */ = {
			isa = PBXTargetDependency;
			target = A0957AFB2C1A1A7100444DBD /* OvoTimer */;
			targetProxy = A0957B182C1A1A7200444DBD /* PBXContainerItemProxy */;
		};
/* End PBXTargetDependency section */

/* Begin XCBuildConfiguration section */
		A0957B1F2C1A1A7200444DBD /* Debug */ = {
			isa = XCBuildConfiguration;
			buildSettings = {
				ALWAYS_SEARCH_USER_PATHS = NO;
				ASSETCATALOG_COMPILER_GENERATE_SWIFT_ASSET_SYMBOL_EXTENSIONS = YES;
				CLANG_ANALYZER_NONNULL = YES;
				CLANG_ANALYZER_NUMBER_OBJECT_CONVERSION = YES_AGGRESSIVE;
				CLANG_CXX_LANGUAGE_STANDARD = "gnu++20";
				CLANG_ENABLE_MODULES = YES;
				CLANG_ENABLE_OBJC_ARC = YES;
				CLANG_ENABLE_OBJC_WEAK = YES;
				CLANG_WARN_BLOCK_CAPTURE_AUTORELEASING = YES;
				CLANG_WARN_BOOL_CONVERSION = YES;
				CLANG_WARN_COMMA = YES;
				CLANG_WARN_CONSTANT_CONVERSION = YES;
				CLANG_WARN_DEPRECATED_OBJC_IMPLEMENTATIONS = YES;
				CLANG_WARN_DIRECT_OBJC_ISA_USAGE = YES_ERROR;
				CLANG_WARN_DOCUMENTATION_COMMENTS = YES;
				CLANG_WARN_EMPTY_BODY = YES;
				CLANG_WARN_ENUM_CONVERSION = YES;
				CLANG_WARN_INFINITE_RECURSION = YES;
				CLANG_WARN_INT_CONVERSION = YES;
				CLANG_WARN_NON_LITERAL_NULL_CONVERSION = YES;
				CLANG_WARN_OBJC_IMPLICIT_RETAIN_SELF = YES;
				CLANG_WARN_OBJC_LITERAL_CONVERSION = YES;
				CLANG_WARN_OBJC_ROOT_CLASS = YES_ERROR;
				CLANG_WARN_QUOTED_INCLUDE_IN_FRAMEWORK_HEADER = YES;
				CLANG_WARN_RANGE_LOOP_ANALYSIS = YES;
				CLANG_WARN_STRICT_PROTOTYPES = YES;
				CLANG_WARN_SUSPICIOUS_MOVE = YES;
				CLANG_WARN_UNGUARDED_AVAILABILITY = YES_AGGRESSIVE;
				CLANG_WARN_UNREACHABLE_CODE = YES;
				CLANG_WARN__DUPLICATE_METHOD_MATCH = YES;
				COPY_PHASE_STRIP = NO;
				DEBUG_INFORMATION_FORMAT = dwarf;
				ENABLE_STRICT_OBJC_MSGSEND = YES;
				ENABLE_TESTABILITY = YES;
				ENABLE_USER_SCRIPT_SANDBOXING = YES;
				GCC_C_LANGUAGE_STANDARD = gnu17;
				GCC_DYNAMIC_NO_PIC = NO;
				GCC_NO_COMMON_BLOCKS = YES;
				GCC_OPTIMIZATION_LEVEL = 0;
				GCC_PREPROCESSOR_DEFINITIONS = (
					"DEBUG=1",
					"$(inherited)",
				);
				GCC_WARN_64_TO_32_BIT_CONVERSION = YES;
				GCC_WARN_ABOUT_RETURN_TYPE = YES_ERROR;
				GCC_WARN_UNDECLARED_SELECTOR = YES;
				GCC_WARN_UNINITIALIZED_AUTOS = YES_AGGRESSIVE;
				GCC_WARN_UNUSED_FUNCTION = YES;
				GCC_WARN_UNUSED_VARIABLE = YES;
				LOCALIZATION_PREFERS_STRING_CATALOGS = YES;
				MTL_ENABLE_DEBUG_INFO = INCLUDE_SOURCE;
				MTL_FAST_MATH = YES;
				ONLY_ACTIVE_ARCH = YES;
				SWIFT_ACTIVE_COMPILATION_CONDITIONS = "DEBUG $(inherited)";
				SWIFT_OPTIMIZATION_LEVEL = "-Onone";
			};
			name = Debug;
		};
		A0957B202C1A1A7200444DBD /* Release */ = {
			isa = XCBuildConfiguration;
			buildSettings = {
				ALWAYS_SEARCH_USER_PATHS = NO;
				ASSETCATALOG_COMPILER_GENERATE_SWIFT_ASSET_SYMBOL_EXTENSIONS = YES;
				CLANG_ANALYZER_NONNULL = YES;
				CLANG_ANALYZER_NUMBER_OBJECT_CONVERSION = YES_AGGRESSIVE;
				CLANG_CXX_LANGUAGE_STANDARD = "gnu++20";
				CLANG_ENABLE_MODULES = YES;
				CLANG_ENABLE_OBJC_ARC = YES;
				CLANG_ENABLE_OBJC_WEAK = YES;
				CLANG_WARN_BLOCK_CAPTURE_AUTORELEASING = YES;
				CLANG_WARN_BOOL_CONVERSION = YES;
				CLANG_WARN_COMMA = YES;
				CLANG_WARN_CONSTANT_CONVERSION = YES;
				CLANG_WARN_DEPRECATED_OBJC_IMPLEMENTATIONS = YES;
				CLANG_WARN_DIRECT_OBJC_ISA_USAGE = YES_ERROR;
				CLANG_WARN_DOCUMENTATION_COMMENTS = YES;
				CLANG_WARN_EMPTY_BODY = YES;
				CLANG_WARN_ENUM_CONVERSION = YES;
				CLANG_WARN_INFINITE_RECURSION = YES;
				CLANG_WARN_INT_CONVERSION = YES;
				CLANG_WARN_NON_LITERAL_NULL_CONVERSION = YES;
				CLANG_WARN_OBJC_IMPLICIT_RETAIN_SELF = YES;
				CLANG_WARN_OBJC_LITERAL_CONVERSION = YES;
				CLANG_WARN_OBJC_ROOT_CLASS = YES_ERROR;
				CLANG_WARN_QUOTED_INCLUDE_IN_FRAMEWORK_HEADER = YES;
				CLANG_WARN_RANGE_LOOP_ANALYSIS = YES;
				CLANG_WARN_STRICT_PROTOTYPES = YES;
				CLANG_WARN_SUSPICIOUS_MOVE = YES;
				CLANG_WARN_UNGUARDED_AVAILABILITY = YES_AGGRESSIVE;
				CLANG_WARN_UNREACHABLE_CODE = YES;
				CLANG_WARN__DUPLICATE_METHOD_MATCH = YES;
				COPY_PHASE_STRIP = NO;
				DEBUG_INFORMATION_FORMAT = "dwarf-with-dsym";
				ENABLE_NS_ASSERTIONS = NO;
				ENABLE_STRICT_OBJC_MSGSEND = YES;
				ENABLE_USER_SCRIPT_SANDBOXING = YES;
				GCC_C_LANGUAGE_STANDARD = gnu17;
				GCC_NO_COMMON_BLOCKS = YES;
				GCC_WARN_64_TO_32_BIT_CONVERSION = YES;
				GCC_WARN_ABOUT_RETURN_TYPE = YES_ERROR;
				GCC_WARN_UNDECLARED_SELECTOR = YES;
				GCC_WARN_UNINITIALIZED_AUTOS = YES_AGGRESSIVE;
				GCC_WARN_UNUSED_FUNCTION = YES;
				GCC_WARN_UNUSED_VARIABLE = YES;
				LOCALIZATION_PREFERS_STRING_CATALOGS = YES;
				MTL_ENABLE_DEBUG_INFO = NO;
				MTL_FAST_MATH = YES;
				SWIFT_COMPILATION_MODE = wholemodule;
			};
			name = Release;
		};
		A0957B222C1A1A7200444DBD /* Debug */ = {
			isa = XCBuildConfiguration;
			buildSettings = {
				ASSETCATALOG_COMPILER_APPICON_NAME = AppIcon;
				ASSETCATALOG_COMPILER_GLOBAL_ACCENT_COLOR_NAME = AccentColor;
				CODE_SIGN_ENTITLEMENTS = OvoTimer/OvoTimer.entitlements;
				CODE_SIGN_STYLE = Automatic;
				CURRENT_PROJECT_VERSION = 1;
				DEVELOPMENT_ASSET_PATHS = "\"OvoTimer/Preview Content\"";
				DEVELOPMENT_TEAM = 7BB43G74YV;
				ENABLE_HARDENED_RUNTIME = YES;
				ENABLE_PREVIEWS = YES;
				GENERATE_INFOPLIST_FILE = YES;
				"INFOPLIST_KEY_UIApplicationSceneManifest_Generation[sdk=iphoneos*]" = YES;
				"INFOPLIST_KEY_UIApplicationSceneManifest_Generation[sdk=iphonesimulator*]" = YES;
				"INFOPLIST_KEY_UIApplicationSupportsIndirectInputEvents[sdk=iphoneos*]" = YES;
				"INFOPLIST_KEY_UIApplicationSupportsIndirectInputEvents[sdk=iphonesimulator*]" = YES;
				"INFOPLIST_KEY_UILaunchScreen_Generation[sdk=iphoneos*]" = YES;
				"INFOPLIST_KEY_UILaunchScreen_Generation[sdk=iphonesimulator*]" = YES;
				"INFOPLIST_KEY_UIStatusBarStyle[sdk=iphoneos*]" = UIStatusBarStyleDefault;
				"INFOPLIST_KEY_UIStatusBarStyle[sdk=iphonesimulator*]" = UIStatusBarStyleDefault;
				INFOPLIST_KEY_UISupportedInterfaceOrientations_iPad = "UIInterfaceOrientationPortrait UIInterfaceOrientationPortraitUpsideDown UIInterfaceOrientationLandscapeLeft UIInterfaceOrientationLandscapeRight";
				INFOPLIST_KEY_UISupportedInterfaceOrientations_iPhone = "UIInterfaceOrientationPortrait UIInterfaceOrientationLandscapeLeft UIInterfaceOrientationLandscapeRight";
				IPHONEOS_DEPLOYMENT_TARGET = 18.0;
				LD_RUNPATH_SEARCH_PATHS = "@executable_path/Frameworks";
				"LD_RUNPATH_SEARCH_PATHS[sdk=macosx*]" = "@executable_path/../Frameworks";
				MACOSX_DEPLOYMENT_TARGET = 15.0;
				MARKETING_VERSION = 1.0;
				PRODUCT_BUNDLE_IDENTIFIER = "com.departamento-b.OvoTimer";
				PRODUCT_NAME = "$(TARGET_NAME)";
				SDKROOT = auto;
				SUPPORTED_PLATFORMS = "iphoneos iphonesimulator";
				SUPPORTS_MACCATALYST = NO;
				SWIFT_EMIT_LOC_STRINGS = YES;
				SWIFT_VERSION = 5.0;
				TARGETED_DEVICE_FAMILY = "1,2";
				XROS_DEPLOYMENT_TARGET = 2.0;
			};
			name = Debug;
		};
		A0957B232C1A1A7200444DBD /* Release */ = {
			isa = XCBuildConfiguration;
			buildSettings = {
				ASSETCATALOG_COMPILER_APPICON_NAME = AppIcon;
				ASSETCATALOG_COMPILER_GLOBAL_ACCENT_COLOR_NAME = AccentColor;
				CODE_SIGN_ENTITLEMENTS = OvoTimer/OvoTimer.entitlements;
				CODE_SIGN_STYLE = Automatic;
				CURRENT_PROJECT_VERSION = 1;
				DEVELOPMENT_ASSET_PATHS = "\"OvoTimer/Preview Content\"";
				DEVELOPMENT_TEAM = 7BB43G74YV;
				ENABLE_HARDENED_RUNTIME = YES;
				ENABLE_PREVIEWS = YES;
				GENERATE_INFOPLIST_FILE = YES;
				"INFOPLIST_KEY_UIApplicationSceneManifest_Generation[sdk=iphoneos*]" = YES;
				"INFOPLIST_KEY_UIApplicationSceneManifest_Generation[sdk=iphonesimulator*]" = YES;
				"INFOPLIST_KEY_UIApplicationSupportsIndirectInputEvents[sdk=iphoneos*]" = YES;
				"INFOPLIST_KEY_UIApplicationSupportsIndirectInputEvents[sdk=iphonesimulator*]" = YES;
				"INFOPLIST_KEY_UILaunchScreen_Generation[sdk=iphoneos*]" = YES;
				"INFOPLIST_KEY_UILaunchScreen_Generation[sdk=iphonesimulator*]" = YES;
				"INFOPLIST_KEY_UIStatusBarStyle[sdk=iphoneos*]" = UIStatusBarStyleDefault;
				"INFOPLIST_KEY_UIStatusBarStyle[sdk=iphonesimulator*]" = UIStatusBarStyleDefault;
				INFOPLIST_KEY_UISupportedInterfaceOrientations_iPad = "UIInterfaceOrientationPortrait UIInterfaceOrientationPortraitUpsideDown UIInterfaceOrientationLandscapeLeft UIInterfaceOrientationLandscapeRight";
				INFOPLIST_KEY_UISupportedInterfaceOrientations_iPhone = "UIInterfaceOrientationPortrait UIInterfaceOrientationLandscapeLeft UIInterfaceOrientationLandscapeRight";
				IPHONEOS_DEPLOYMENT_TARGET = 18.0;
				LD_RUNPATH_SEARCH_PATHS = "@executable_path/Frameworks";
				"LD_RUNPATH_SEARCH_PATHS[sdk=macosx*]" = "@executable_path/../Frameworks";
				MACOSX_DEPLOYMENT_TARGET = 15.0;
				MARKETING_VERSION = 1.0;
				PRODUCT_BUNDLE_IDENTIFIER = "com.departamento-b.OvoTimer";
				PRODUCT_NAME = "$(TARGET_NAME)";
				SDKROOT = auto;
				SUPPORTED_PLATFORMS = "iphoneos iphonesimulator";
				SUPPORTS_MACCATALYST = NO;
				SWIFT_EMIT_LOC_STRINGS = YES;
				SWIFT_VERSION = 5.0;
				TARGETED_DEVICE_FAMILY = "1,2";
				XROS_DEPLOYMENT_TARGET = 2.0;
			};
			name = Release;
		};
		A0957B252C1A1A7200444DBD /* Debug */ = {
			isa = XCBuildConfiguration;
			buildSettings = {
				BUNDLE_LOADER = "$(TEST_HOST)";
				CODE_SIGN_STYLE = Automatic;
				CURRENT_PROJECT_VERSION = 1;
				DEVELOPMENT_TEAM = 7BB43G74YV;
				GENERATE_INFOPLIST_FILE = YES;
				IPHONEOS_DEPLOYMENT_TARGET = 18.0;
				MACOSX_DEPLOYMENT_TARGET = 14.5;
				MARKETING_VERSION = 1.0;
				PRODUCT_BUNDLE_IDENTIFIER = "com.departamento-b.OvoTimerTests";
				PRODUCT_NAME = "$(TARGET_NAME)";
				SDKROOT = auto;
				SUPPORTED_PLATFORMS = "iphoneos iphonesimulator macosx xros xrsimulator";
				SWIFT_EMIT_LOC_STRINGS = NO;
				SWIFT_VERSION = 5.0;
				TARGETED_DEVICE_FAMILY = "1,2,7";
				TEST_HOST = "$(BUILT_PRODUCTS_DIR)/OvoTimer.app/$(BUNDLE_EXECUTABLE_FOLDER_PATH)/OvoTimer";
				XROS_DEPLOYMENT_TARGET = 2.0;
			};
			name = Debug;
		};
		A0957B262C1A1A7200444DBD /* Release */ = {
			isa = XCBuildConfiguration;
			buildSettings = {
				BUNDLE_LOADER = "$(TEST_HOST)";
				CODE_SIGN_STYLE = Automatic;
				CURRENT_PROJECT_VERSION = 1;
				DEVELOPMENT_TEAM = 7BB43G74YV;
				GENERATE_INFOPLIST_FILE = YES;
				IPHONEOS_DEPLOYMENT_TARGET = 18.0;
				MACOSX_DEPLOYMENT_TARGET = 14.5;
				MARKETING_VERSION = 1.0;
				PRODUCT_BUNDLE_IDENTIFIER = "com.departamento-b.OvoTimerTests";
				PRODUCT_NAME = "$(TARGET_NAME)";
				SDKROOT = auto;
				SUPPORTED_PLATFORMS = "iphoneos iphonesimulator macosx xros xrsimulator";
				SWIFT_EMIT_LOC_STRINGS = NO;
				SWIFT_VERSION = 5.0;
				TARGETED_DEVICE_FAMILY = "1,2,7";
				TEST_HOST = "$(BUILT_PRODUCTS_DIR)/OvoTimer.app/$(BUNDLE_EXECUTABLE_FOLDER_PATH)/OvoTimer";
				XROS_DEPLOYMENT_TARGET = 2.0;
			};
			name = Release;
		};
		A0957B282C1A1A7200444DBD /* Debug */ = {
			isa = XCBuildConfiguration;
			buildSettings = {
				CODE_SIGN_STYLE = Automatic;
				CURRENT_PROJECT_VERSION = 1;
				DEVELOPMENT_TEAM = 7BB43G74YV;
				GENERATE_INFOPLIST_FILE = YES;
				IPHONEOS_DEPLOYMENT_TARGET = 18.0;
				MACOSX_DEPLOYMENT_TARGET = 14.5;
				MARKETING_VERSION = 1.0;
				PRODUCT_BUNDLE_IDENTIFIER = "com.departamento-b.OvoTimerUITests";
				PRODUCT_NAME = "$(TARGET_NAME)";
				SDKROOT = auto;
				SUPPORTED_PLATFORMS = "iphoneos iphonesimulator macosx xros xrsimulator";
				SWIFT_EMIT_LOC_STRINGS = NO;
				SWIFT_VERSION = 5.0;
				TARGETED_DEVICE_FAMILY = "1,2,7";
				TEST_TARGET_NAME = OvoTimer;
				XROS_DEPLOYMENT_TARGET = 2.0;
			};
			name = Debug;
		};
		A0957B292C1A1A7200444DBD /* Release */ = {
			isa = XCBuildConfiguration;
			buildSettings = {
				CODE_SIGN_STYLE = Automatic;
				CURRENT_PROJECT_VERSION = 1;
				DEVELOPMENT_TEAM = 7BB43G74YV;
				GENERATE_INFOPLIST_FILE = YES;
				IPHONEOS_DEPLOYMENT_TARGET = 18.0;
				MACOSX_DEPLOYMENT_TARGET = 14.5;
				MARKETING_VERSION = 1.0;
				PRODUCT_BUNDLE_IDENTIFIER = "com.departamento-b.OvoTimerUITests";
				PRODUCT_NAME = "$(TARGET_NAME)";
				SDKROOT = auto;
				SUPPORTED_PLATFORMS = "iphoneos iphonesimulator macosx xros xrsimulator";
				SWIFT_EMIT_LOC_STRINGS = NO;
				SWIFT_VERSION = 5.0;
				TARGETED_DEVICE_FAMILY = "1,2,7";
				TEST_TARGET_NAME = OvoTimer;
				XROS_DEPLOYMENT_TARGET = 2.0;
			};
			name = Release;
		};
/* End XCBuildConfiguration section */

/* Begin XCConfigurationList section */
		A0957AF72C1A1A7100444DBD /* Build configuration list for PBXProject "OvoTimer" */ = {
			isa = XCConfigurationList;
			buildConfigurations = (
				A0957B1F2C1A1A7200444DBD /* Debug */,
				A0957B202C1A1A7200444DBD /* Release */,
			);
			defaultConfigurationIsVisible = 0;
			defaultConfigurationName = Release;
		};
		A0957B212C1A1A7200444DBD /* Build configuration list for PBXNativeTarget "OvoTimer" */ = {
			isa = XCConfigurationList;
			buildConfigurations = (
				A0957B222C1A1A7200444DBD /* Debug */,
				A0957B232C1A1A7200444DBD /* Release */,
			);
			defaultConfigurationIsVisible = 0;
			defaultConfigurationName = Release;
		};
		A0957B242C1A1A7200444DBD /* Build configuration list for PBXNativeTarget "OvoTimerTests" */ = {
			isa = XCConfigurationList;
			buildConfigurations = (
				A0957B252C1A1A7200444DBD /* Debug */,
				A0957B262C1A1A7200444DBD /* Release */,
			);
			defaultConfigurationIsVisible = 0;
			defaultConfigurationName = Release;
		};
		A0957B272C1A1A7200444DBD /* Build configuration list for PBXNativeTarget "OvoTimerUITests" */ = {
			isa = XCConfigurationList;
			buildConfigurations = (
				A0957B282C1A1A7200444DBD /* Debug */,
				A0957B292C1A1A7200444DBD /* Release */,
			);
			defaultConfigurationIsVisible = 0;
			defaultConfigurationName = Release;
		};
/* End XCConfigurationList section */

/* Begin XCLocalSwiftPackageReference section */
		A0957B2A2C1A1AB900444DBD /* XCLocalSwiftPackageReference "../Winder" */ = {
			isa = XCLocalSwiftPackageReference;
			relativePath = ../Winder;
		};
		A0957B2D2C1B6A0B00444DBD /* XCLocalSwiftPackageReference "../Model" */ = {
			isa = XCLocalSwiftPackageReference;
			relativePath = ../Model;
		};
/* End XCLocalSwiftPackageReference section */

/* Begin XCSwiftPackageProductDependency section */
		A0957B2B2C1A1AB900444DBD /* Winder */ = {
			isa = XCSwiftPackageProductDependency;
			productName = Winder;
		};
		A0957B2E2C1B6A0B00444DBD /* Model */ = {
			isa = XCSwiftPackageProductDependency;
			productName = Model;
		};
/* End XCSwiftPackageProductDependency section */
	};
	rootObject = A0957AF42C1A1A7100444DBD /* Project object */;
}
